// !$*UTF8*$!
{
	archiveVersion = 1;
	classes = {
	};
	objectVersion = 50;
	objects = {

/* Begin PBXBuildFile section */
		7E1BB4862277B67F008CEB5B /* InfoView.swift in Sources */ = {isa = PBXBuildFile; fileRef = 7E1BB4852277B67F008CEB5B /* InfoView.swift */; };
		7E21EEAE227618590066A19C /* AppDelegate.swift in Sources */ = {isa = PBXBuildFile; fileRef = 7E21EEAD227618590066A19C /* AppDelegate.swift */; };
		7E21EEB0227618590066A19C /* ViewController.swift in Sources */ = {isa = PBXBuildFile; fileRef = 7E21EEAF227618590066A19C /* ViewController.swift */; };
		7E21EEB3227618590066A19C /* Main.storyboard in Resources */ = {isa = PBXBuildFile; fileRef = 7E21EEB1227618590066A19C /* Main.storyboard */; };
		7E21EEB52276185D0066A19C /* Assets.xcassets in Resources */ = {isa = PBXBuildFile; fileRef = 7E21EEB42276185D0066A19C /* Assets.xcassets */; };
		7E21EEB82276185D0066A19C /* LaunchScreen.storyboard in Resources */ = {isa = PBXBuildFile; fileRef = 7E21EEB62276185D0066A19C /* LaunchScreen.storyboard */; };
		7E21EEC32276185D0066A19C /* TicTacToeTests.swift in Sources */ = {isa = PBXBuildFile; fileRef = 7E21EEC22276185D0066A19C /* TicTacToeTests.swift */; };
		7E21EECE22761AD50066A19C /* GridView.swift in Sources */ = {isa = PBXBuildFile; fileRef = 7E21EECD22761AD50066A19C /* GridView.swift */; };
		7E21EED0227627AD0066A19C /* GamePiece.swift in Sources */ = {isa = PBXBuildFile; fileRef = 7E21EECF227627AD0066A19C /* GamePiece.swift */; };
		7E9DE4B9227A29580081E831 /* Grid.swift in Sources */ = {isa = PBXBuildFile; fileRef = 7E9DE4B8227A29580081E831 /* Grid.swift */; };
/* End PBXBuildFile section */

/* Begin PBXContainerItemProxy section */
		7E21EEBF2276185D0066A19C /* PBXContainerItemProxy */ = {
			isa = PBXContainerItemProxy;
			containerPortal = 7E21EEA2227618590066A19C /* Project object */;
			proxyType = 1;
			remoteGlobalIDString = 7E21EEA9227618590066A19C;
			remoteInfo = TicTacToe;
		};
/* End PBXContainerItemProxy section */

/* Begin PBXFileReference section */
		7E1BB4852277B67F008CEB5B /* InfoView.swift */ = {isa = PBXFileReference; lastKnownFileType = sourcecode.swift; path = InfoView.swift; sourceTree = "<group>"; };
		7E21EEAA227618590066A19C /* TicTacToe.app */ = {isa = PBXFileReference; explicitFileType = wrapper.application; includeInIndex = 0; path = TicTacToe.app; sourceTree = BUILT_PRODUCTS_DIR; };
		7E21EEAD227618590066A19C /* AppDelegate.swift */ = {isa = PBXFileReference; lastKnownFileType = sourcecode.swift; path = AppDelegate.swift; sourceTree = "<group>"; };
		7E21EEAF227618590066A19C /* ViewController.swift */ = {isa = PBXFileReference; lastKnownFileType = sourcecode.swift; path = ViewController.swift; sourceTree = "<group>"; };
		7E21EEB2227618590066A19C /* Base */ = {isa = PBXFileReference; lastKnownFileType = file.storyboard; name = Base; path = Base.lproj/Main.storyboard; sourceTree = "<group>"; };
		7E21EEB42276185D0066A19C /* Assets.xcassets */ = {isa = PBXFileReference; lastKnownFileType = folder.assetcatalog; path = Assets.xcassets; sourceTree = "<group>"; };
		7E21EEB72276185D0066A19C /* Base */ = {isa = PBXFileReference; lastKnownFileType = file.storyboard; name = Base; path = Base.lproj/LaunchScreen.storyboard; sourceTree = "<group>"; };
		7E21EEB92276185D0066A19C /* Info.plist */ = {isa = PBXFileReference; lastKnownFileType = text.plist.xml; path = Info.plist; sourceTree = "<group>"; };
		7E21EEBE2276185D0066A19C /* TicTacToeTests.xctest */ = {isa = PBXFileReference; explicitFileType = wrapper.cfbundle; includeInIndex = 0; path = TicTacToeTests.xctest; sourceTree = BUILT_PRODUCTS_DIR; };
		7E21EEC22276185D0066A19C /* TicTacToeTests.swift */ = {isa = PBXFileReference; lastKnownFileType = sourcecode.swift; path = TicTacToeTests.swift; sourceTree = "<group>"; };
		7E21EEC42276185D0066A19C /* Info.plist */ = {isa = PBXFileReference; lastKnownFileType = text.plist.xml; path = Info.plist; sourceTree = "<group>"; };
		7E21EECD22761AD50066A19C /* GridView.swift */ = {isa = PBXFileReference; lastKnownFileType = sourcecode.swift; path = GridView.swift; sourceTree = "<group>"; };
		7E21EECF227627AD0066A19C /* GamePiece.swift */ = {isa = PBXFileReference; lastKnownFileType = sourcecode.swift; path = GamePiece.swift; sourceTree = "<group>"; };
		7E9DE4B8227A29580081E831 /* Grid.swift */ = {isa = PBXFileReference; lastKnownFileType = sourcecode.swift; path = Grid.swift; sourceTree = "<group>"; };
/* End PBXFileReference section */

/* Begin PBXFrameworksBuildPhase section */
		7E21EEA7227618590066A19C /* Frameworks */ = {
			isa = PBXFrameworksBuildPhase;
			buildActionMask = 2147483647;
			files = (
			);
			runOnlyForDeploymentPostprocessing = 0;
		};
		7E21EEBB2276185D0066A19C /* Frameworks */ = {
			isa = PBXFrameworksBuildPhase;
			buildActionMask = 2147483647;
			files = (
			);
			runOnlyForDeploymentPostprocessing = 0;
		};
/* End PBXFrameworksBuildPhase section */

/* Begin PBXGroup section */
		7E21EEA1227618590066A19C = {
			isa = PBXGroup;
			children = (
				7E21EEAC227618590066A19C /* TicTacToe */,
				7E21EEC12276185D0066A19C /* TicTacToeTests */,
				7E21EEAB227618590066A19C /* Products */,
			);
			sourceTree = "<group>";
		};
		7E21EEAB227618590066A19C /* Products */ = {
			isa = PBXGroup;
			children = (
				7E21EEAA227618590066A19C /* TicTacToe.app */,
				7E21EEBE2276185D0066A19C /* TicTacToeTests.xctest */,
			);
			name = Products;
			sourceTree = "<group>";
		};
		7E21EEAC227618590066A19C /* TicTacToe */ = {
			isa = PBXGroup;
			children = (
				7E21EEAD227618590066A19C /* AppDelegate.swift */,
				7E21EECD22761AD50066A19C /* GridView.swift */,
				7E21EEB1227618590066A19C /* Main.storyboard */,
				7E1BB4852277B67F008CEB5B /* InfoView.swift */,
				7E21EEAF227618590066A19C /* ViewController.swift */,
				7E9DE4B8227A29580081E831 /* Grid.swift */,
				7E21EECF227627AD0066A19C /* GamePiece.swift */,
				7E21EEB42276185D0066A19C /* Assets.xcassets */,
				7E21EEB62276185D0066A19C /* LaunchScreen.storyboard */,
				7E21EEB92276185D0066A19C /* Info.plist */,
			);
			path = TicTacToe;
			sourceTree = "<group>";
		};
		7E21EEC12276185D0066A19C /* TicTacToeTests */ = {
			isa = PBXGroup;
			children = (
				7E21EEC22276185D0066A19C /* TicTacToeTests.swift */,
				7E21EEC42276185D0066A19C /* Info.plist */,
			);
			path = TicTacToeTests;
			sourceTree = "<group>";
		};
/* End PBXGroup section */

/* Begin PBXNativeTarget section */
		7E21EEA9227618590066A19C /* TicTacToe */ = {
			isa = PBXNativeTarget;
			buildConfigurationList = 7E21EEC72276185D0066A19C /* Build configuration list for PBXNativeTarget "TicTacToe" */;
			buildPhases = (
				7E21EEA6227618590066A19C /* Sources */,
				7E21EEA7227618590066A19C /* Frameworks */,
				7E21EEA8227618590066A19C /* Resources */,
			);
			buildRules = (
			);
			dependencies = (
			);
			name = TicTacToe;
			productName = TicTacToe;
			productReference = 7E21EEAA227618590066A19C /* TicTacToe.app */;
			productType = "com.apple.product-type.application";
		};
		7E21EEBD2276185D0066A19C /* TicTacToeTests */ = {
			isa = PBXNativeTarget;
			buildConfigurationList = 7E21EECA2276185D0066A19C /* Build configuration list for PBXNativeTarget "TicTacToeTests" */;
			buildPhases = (
				7E21EEBA2276185D0066A19C /* Sources */,
				7E21EEBB2276185D0066A19C /* Frameworks */,
				7E21EEBC2276185D0066A19C /* Resources */,
			);
			buildRules = (
			);
			dependencies = (
				7E21EEC02276185D0066A19C /* PBXTargetDependency */,
			);
			name = TicTacToeTests;
			productName = TicTacToeTests;
			productReference = 7E21EEBE2276185D0066A19C /* TicTacToeTests.xctest */;
			productType = "com.apple.product-type.bundle.unit-test";
		};
/* End PBXNativeTarget section */

/* Begin PBXProject section */
		7E21EEA2227618590066A19C /* Project object */ = {
			isa = PBXProject;
			attributes = {
				LastSwiftUpdateCheck = 1020;
				LastUpgradeCheck = 1020;
				ORGANIZATIONNAME = "Mahjeed Marrow";
				TargetAttributes = {
					7E21EEA9227618590066A19C = {
						CreatedOnToolsVersion = 10.2.1;
					};
					7E21EEBD2276185D0066A19C = {
						CreatedOnToolsVersion = 10.2.1;
						TestTargetID = 7E21EEA9227618590066A19C;
					};
				};
			};
			buildConfigurationList = 7E21EEA5227618590066A19C /* Build configuration list for PBXProject "TicTacToe" */;
			compatibilityVersion = "Xcode 9.3";
			developmentRegion = en;
			hasScannedForEncodings = 0;
			knownRegions = (
				en,
				Base,
			);
			mainGroup = 7E21EEA1227618590066A19C;
			productRefGroup = 7E21EEAB227618590066A19C /* Products */;
			projectDirPath = "";
			projectRoot = "";
			targets = (
				7E21EEA9227618590066A19C /* TicTacToe */,
				7E21EEBD2276185D0066A19C /* TicTacToeTests */,
			);
		};
/* End PBXProject section */

/* Begin PBXResourcesBuildPhase section */
		7E21EEA8227618590066A19C /* Resources */ = {
			isa = PBXResourcesBuildPhase;
			buildActionMask = 2147483647;
			files = (
				7E21EEB82276185D0066A19C /* LaunchScreen.storyboard in Resources */,
				7E21EEB52276185D0066A19C /* Assets.xcassets in Resources */,
				7E21EEB3227618590066A19C /* Main.storyboard in Resources */,
			);
			runOnlyForDeploymentPostprocessing = 0;
		};
		7E21EEBC2276185D0066A19C /* Resources */ = {
			isa = PBXResourcesBuildPhase;
			buildActionMask = 2147483647;
			files = (
			);
			runOnlyForDeploymentPostprocessing = 0;
		};
/* End PBXResourcesBuildPhase section */

/* Begin PBXSourcesBuildPhase section */
		7E21EEA6227618590066A19C /* Sources */ = {
			isa = PBXSourcesBuildPhase;
			buildActionMask = 2147483647;
			files = (
				7E21EEB0227618590066A19C /* ViewController.swift in Sources */,
				7E21EECE22761AD50066A19C /* GridView.swift in Sources */,
				7E21EED0227627AD0066A19C /* GamePiece.swift in Sources */,
				7E1BB4862277B67F008CEB5B /* InfoView.swift in Sources */,
				7E21EEAE227618590066A19C /* AppDelegate.swift in Sources */,
				7E9DE4B9227A29580081E831 /* Grid.swift in Sources */,
			);
			runOnlyForDeploymentPostprocessing = 0;
		};
		7E21EEBA2276185D0066A19C /* Sources */ = {
			isa = PBXSourcesBuildPhase;
			buildActionMask = 2147483647;
			files = (
				7E21EEC32276185D0066A19C /* TicTacToeTests.swift in Sources */,
			);
			runOnlyForDeploymentPostprocessing = 0;
		};
/* End PBXSourcesBuildPhase section */

/* Begin PBXTargetDependency section */
		7E21EEC02276185D0066A19C /* PBXTargetDependency */ = {
			isa = PBXTargetDependency;
			target = 7E21EEA9227618590066A19C /* TicTacToe */;
			targetProxy = 7E21EEBF2276185D0066A19C /* PBXContainerItemProxy */;
		};
/* End PBXTargetDependency section */

/* Begin PBXVariantGroup section */
		7E21EEB1227618590066A19C /* Main.storyboard */ = {
			isa = PBXVariantGroup;
			children = (
				7E21EEB2227618590066A19C /* Base */,
			);
			name = Main.storyboard;
			sourceTree = "<group>";
		};
		7E21EEB62276185D0066A19C /* LaunchScreen.storyboard */ = {
			isa = PBXVariantGroup;
			children = (
				7E21EEB72276185D0066A19C /* Base */,
			);
			name = LaunchScreen.storyboard;
			sourceTree = "<group>";
		};
/* End PBXVariantGroup section */

/* Begin XCBuildConfiguration section */
		7E21EEC52276185D0066A19C /* Debug */ = {
			isa = XCBuildConfiguration;
			buildSettings = {
				ALWAYS_SEARCH_USER_PATHS = NO;
				CLANG_ANALYZER_NONNULL = YES;
				CLANG_ANALYZER_NUMBER_OBJECT_CONVERSION = YES_AGGRESSIVE;
				CLANG_CXX_LANGUAGE_STANDARD = "gnu++14";
				CLANG_CXX_LIBRARY = "libc++";
				CLANG_ENABLE_MODULES = YES;
				CLANG_ENABLE_OBJC_ARC = YES;
				CLANG_ENABLE_OBJC_WEAK = YES;
				CLANG_WARN_BLOCK_CAPTURE_AUTORELEASING = YES;
				CLANG_WARN_BOOL_CONVERSION = YES;
				CLANG_WARN_COMMA = YES;
				CLANG_WARN_CONSTANT_CONVERSION = YES;
				CLANG_WARN_DEPRECATED_OBJC_IMPLEMENTATIONS = YES;
				CLANG_WARN_DIRECT_OBJC_ISA_USAGE = YES_ERROR;
				CLANG_WARN_DOCUMENTATION_COMMENTS = YES;
				CLANG_WARN_EMPTY_BODY = YES;
				CLANG_WARN_ENUM_CONVERSION = YES;
				CLANG_WARN_INFINITE_RECURSION = YES;
				CLANG_WARN_INT_CONVERSION = YES;
				CLANG_WARN_NON_LITERAL_NULL_CONVERSION = YES;
				CLANG_WARN_OBJC_IMPLICIT_RETAIN_SELF = YES;
				CLANG_WARN_OBJC_LITERAL_CONVERSION = YES;
				CLANG_WARN_OBJC_ROOT_CLASS = YES_ERROR;
				CLANG_WARN_RANGE_LOOP_ANALYSIS = YES;
				CLANG_WARN_STRICT_PROTOTYPES = YES;
				CLANG_WARN_SUSPICIOUS_MOVE = YES;
				CLANG_WARN_UNGUARDED_AVAILABILITY = YES_AGGRESSIVE;
				CLANG_WARN_UNREACHABLE_CODE = YES;
				CLANG_WARN__DUPLICATE_METHOD_MATCH = YES;
				CODE_SIGN_IDENTITY = "iPhone Developer";
				COPY_PHASE_STRIP = NO;
				DEBUG_INFORMATION_FORMAT = dwarf;
				ENABLE_STRICT_OBJC_MSGSEND = YES;
				ENABLE_TESTABILITY = YES;
				GCC_C_LANGUAGE_STANDARD = gnu11;
				GCC_DYNAMIC_NO_PIC = NO;
				GCC_NO_COMMON_BLOCKS = YES;
				GCC_OPTIMIZATION_LEVEL = 0;
				GCC_PREPROCESSOR_DEFINITIONS = (
					"DEBUG=1",
					"$(inherited)",
				);
				GCC_WARN_64_TO_32_BIT_CONVERSION = YES;
				GCC_WARN_ABOUT_RETURN_TYPE = YES_ERROR;
				GCC_WARN_UNDECLARED_SELECTOR = YES;
				GCC_WARN_UNINITIALIZED_AUTOS = YES_AGGRESSIVE;
				GCC_WARN_UNUSED_FUNCTION = YES;
				GCC_WARN_UNUSED_VARIABLE = YES;
				IPHONEOS_DEPLOYMENT_TARGET = 12.2;
				MTL_ENABLE_DEBUG_INFO = INCLUDE_SOURCE;
				MTL_FAST_MATH = YES;
				ONLY_ACTIVE_ARCH = YES;
				SDKROOT = iphoneos;
				SWIFT_ACTIVE_COMPILATION_CONDITIONS = DEBUG;
				SWIFT_OPTIMIZATION_LEVEL = "-Onone";
			};
			name = Debug;
		};
		7E21EEC62276185D0066A19C /* Release */ = {
			isa = XCBuildConfiguration;
			buildSettings = {
				ALWAYS_SEARCH_USER_PATHS = NO;
				CLANG_ANALYZER_NONNULL = YES;
				CLANG_ANALYZER_NUMBER_OBJECT_CONVERSION = YES_AGGRESSIVE;
				CLANG_CXX_LANGUAGE_STANDARD = "gnu++14";
				CLANG_CXX_LIBRARY = "libc++";
				CLANG_ENABLE_MODULES = YES;
				CLANG_ENABLE_OBJC_ARC = YES;
				CLANG_ENABLE_OBJC_WEAK = YES;
				CLANG_WARN_BLOCK_CAPTURE_AUTORELEASING = YES;
				CLANG_WARN_BOOL_CONVERSION = YES;
				CLANG_WARN_COMMA = YES;
				CLANG_WARN_CONSTANT_CONVERSION = YES;
				CLANG_WARN_DEPRECATED_OBJC_IMPLEMENTATIONS = YES;
				CLANG_WARN_DIRECT_OBJC_ISA_USAGE = YES_ERROR;
				CLANG_WARN_DOCUMENTATION_COMMENTS = YES;
				CLANG_WARN_EMPTY_BODY = YES;
				CLANG_WARN_ENUM_CONVERSION = YES;
				CLANG_WARN_INFINITE_RECURSION = YES;
				CLANG_WARN_INT_CONVERSION = YES;
				CLANG_WARN_NON_LITERAL_NULL_CONVERSION = YES;
				CLANG_WARN_OBJC_IMPLICIT_RETAIN_SELF = YES;
				CLANG_WARN_OBJC_LITERAL_CONVERSION = YES;
				CLANG_WARN_OBJC_ROOT_CLASS = YES_ERROR;
				CLANG_WARN_RANGE_LOOP_ANALYSIS = YES;
				CLANG_WARN_STRICT_PROTOTYPES = YES;
				CLANG_WARN_SUSPICIOUS_MOVE = YES;
				CLANG_WARN_UNGUARDED_AVAILABILITY = YES_AGGRESSIVE;
				CLANG_WARN_UNREACHABLE_CODE = YES;
				CLANG_WARN__DUPLICATE_METHOD_MATCH = YES;
				CODE_SIGN_IDENTITY = "iPhone Developer";
				COPY_PHASE_STRIP = NO;
				DEBUG_INFORMATION_FORMAT = "dwarf-with-dsym";
				ENABLE_NS_ASSERTIONS = NO;
				ENABLE_STRICT_OBJC_MSGSEND = YES;
				GCC_C_LANGUAGE_STANDARD = gnu11;
				GCC_NO_COMMON_BLOCKS = YES;
				GCC_WARN_64_TO_32_BIT_CONVERSION = YES;
				GCC_WARN_ABOUT_RETURN_TYPE = YES_ERROR;
				GCC_WARN_UNDECLARED_SELECTOR = YES;
				GCC_WARN_UNINITIALIZED_AUTOS = YES_AGGRESSIVE;
				GCC_WARN_UNUSED_FUNCTION = YES;
				GCC_WARN_UNUSED_VARIABLE = YES;
				IPHONEOS_DEPLOYMENT_TARGET = 12.2;
				MTL_ENABLE_DEBUG_INFO = NO;
				MTL_FAST_MATH = YES;
				SDKROOT = iphoneos;
				SWIFT_COMPILATION_MODE = wholemodule;
				SWIFT_OPTIMIZATION_LEVEL = "-O";
				VALIDATE_PRODUCT = YES;
			};
			name = Release;
		};
		7E21EEC82276185D0066A19C /* Debug */ = {
			isa = XCBuildConfiguration;
			buildSettings = {
				ASSETCATALOG_COMPILER_APPICON_NAME = AppIcon;
				CODE_SIGN_STYLE = Automatic;
				DEVELOPMENT_TEAM = YGS2QU5MAY;
				INFOPLIST_FILE = TicTacToe/Info.plist;
				LD_RUNPATH_SEARCH_PATHS = (
					"$(inherited)",
					"@executable_path/Frameworks",
				);
				PRODUCT_BUNDLE_IDENTIFIER = com.example.TicTacToe;
				PRODUCT_NAME = "$(TARGET_NAME)";
				SWIFT_VERSION = 5.0;
				TARGETED_DEVICE_FAMILY = 1;
			};
			name = Debug;
		};
		7E21EEC92276185D0066A19C /* Release */ = {
			isa = XCBuildConfiguration;
			buildSettings = {
				ASSETCATALOG_COMPILER_APPICON_NAME = AppIcon;
				CODE_SIGN_STYLE = Automatic;
				DEVELOPMENT_TEAM = YGS2QU5MAY;
				INFOPLIST_FILE = TicTacToe/Info.plist;
				LD_RUNPATH_SEARCH_PATHS = (
					"$(inherited)",
					"@executable_path/Frameworks",
				);
				PRODUCT_BUNDLE_IDENTIFIER = com.example.TicTacToe;
				PRODUCT_NAME = "$(TARGET_NAME)";
				SWIFT_VERSION = 5.0;
				TARGETED_DEVICE_FAMILY = 1;
			};
			name = Release;
		};
		7E21EECB2276185D0066A19C /* Debug */ = {
			isa = XCBuildConfiguration;
			buildSettings = {
				ALWAYS_EMBED_SWIFT_STANDARD_LIBRARIES = YES;
				BUNDLE_LOADER = "$(TEST_HOST)";
				CODE_SIGN_STYLE = Automatic;
				DEVELOPMENT_TEAM = YGS2QU5MAY;
				INFOPLIST_FILE = TicTacToeTests/Info.plist;
				LD_RUNPATH_SEARCH_PATHS = (
					"$(inherited)",
					"@executable_path/Frameworks",
					"@loader_path/Frameworks",
				);
				PRODUCT_BUNDLE_IDENTIFIER = com.example.TicTacToeTests;
				PRODUCT_NAME = "$(TARGET_NAME)";
				SWIFT_VERSION = 5.0;
				TARGETED_DEVICE_FAMILY = "1,2";
				TEST_HOST = "$(BUILT_PRODUCTS_DIR)/TicTacToe.app/TicTacToe";
			};
			name = Debug;
		};
		7E21EECC2276185D0066A19C /* Release */ = {
			isa = XCBuildConfiguration;
			buildSettings = {
				ALWAYS_EMBED_SWIFT_STANDARD_LIBRARIES = YES;
				BUNDLE_LOADER = "$(TEST_HOST)";
				CODE_SIGN_STYLE = Automatic;
				DEVELOPMENT_TEAM = YGS2QU5MAY;
				INFOPLIST_FILE = TicTacToeTests/Info.plist;
				LD_RUNPATH_SEARCH_PATHS = (
					"$(inherited)",
					"@executable_path/Frameworks",
					"@loader_path/Frameworks",
				);
				PRODUCT_BUNDLE_IDENTIFIER = com.example.TicTacToeTests;
				PRODUCT_NAME = "$(TARGET_NAME)";
				SWIFT_VERSION = 5.0;
				TARGETED_DEVICE_FAMILY = "1,2";
				TEST_HOST = "$(BUILT_PRODUCTS_DIR)/TicTacToe.app/TicTacToe";
			};
			name = Release;
		};
/* End XCBuildConfiguration section */

/* Begin XCConfigurationList section */
		7E21EEA5227618590066A19C /* Build configuration list for PBXProject "TicTacToe" */ = {
			isa = XCConfigurationList;
			buildConfigurations = (
				7E21EEC52276185D0066A19C /* Debug */,
				7E21EEC62276185D0066A19C /* Release */,
			);
			defaultConfigurationIsVisible = 0;
			defaultConfigurationName = Release;
		};
		7E21EEC72276185D0066A19C /* Build configuration list for PBXNativeTarget "TicTacToe" */ = {
			isa = XCConfigurationList;
			buildConfigurations = (
				7E21EEC82276185D0066A19C /* Debug */,
				7E21EEC92276185D0066A19C /* Release */,
			);
			defaultConfigurationIsVisible = 0;
			defaultConfigurationName = Release;
		};
		7E21EECA2276185D0066A19C /* Build configuration list for PBXNativeTarget "TicTacToeTests" */ = {
			isa = XCConfigurationList;
			buildConfigurations = (
				7E21EECB2276185D0066A19C /* Debug */,
				7E21EECC2276185D0066A19C /* Release */,
			);
			defaultConfigurationIsVisible = 0;
			defaultConfigurationName = Release;
		};
/* End XCConfigurationList section */
	};
	rootObject = 7E21EEA2227618590066A19C /* Project object */;
}
